
Microsoft Visual Studio Solution File, Format Version 12.00
# Visual Studio 15
VisualStudioVersion = 15.0.26430.6
MinimumVisualStudioVersion = 10.0.40219.1
Project("{FAE04EC0-301F-11D3-BF4B-00C04F79EFBC}") = "Codit.ApiApps.ActiveDirectory", "Codit.ApiApps.ActiveDirectory\Codit.ApiApps.ActiveDirectory.csproj", "{3B983731-FDB7-4B2F-9415-A924FEA0B119}"
EndProject
Project("{FAE04EC0-301F-11D3-BF4B-00C04F79EFBC}") = "Codit.ApiApps.Common", "Codit.ApiApps.Common\Codit.ApiApps.Common.csproj", "{21E6066F-13D9-4C82-8C6D-CB72E12E354E}"
EndProject
Project("{FAE04EC0-301F-11D3-BF4B-00C04F79EFBC}") = "Codit.ApiApps.ActiveDirectory.UnitTests", "Codit.ApiApps.ActiveDirectory.UnitTests\Codit.ApiApps.ActiveDirectory.UnitTests.csproj", "{6D3A0C7C-AB4B-4163-9737-BD366E5D489D}"
EndProject
Project("{2150E333-8FDC-42A3-9474-1A3956D46DE8}") = "Tests", "Tests", "{2042768E-256F-4592-AF66-211CD843380B}"
EndProject
Project("{2150E333-8FDC-42A3-9474-1A3956D46DE8}") = "Application", "Application", "{48305F2E-C928-4430-8C28-9EE6AC0D5498}"
EndProject
Global
	GlobalSection(SolutionConfigurationPlatforms) = preSolution
		Debug|Any CPU = Debug|Any CPU
		Release|Any CPU = Release|Any CPU
	EndGlobalSection
	GlobalSection(ProjectConfigurationPlatforms) = postSolution
		{3B983731-FDB7-4B2F-9415-A924FEA0B119}.Debug|Any CPU.ActiveCfg = Debug|Any CPU
		{3B983731-FDB7-4B2F-9415-A924FEA0B119}.Debug|Any CPU.Build.0 = Debug|Any CPU
		{3B983731-FDB7-4B2F-9415-A924FEA0B119}.Release|Any CPU.ActiveCfg = Release|Any CPU
		{3B983731-FDB7-4B2F-9415-A924FEA0B119}.Release|Any CPU.Build.0 = Release|Any CPU
		{21E6066F-13D9-4C82-8C6D-CB72E12E354E}.Debug|Any CPU.ActiveCfg = Debug|Any CPU
		{21E6066F-13D9-4C82-8C6D-CB72E12E354E}.Debug|Any CPU.Build.0 = Debug|Any CPU
		{21E6066F-13D9-4C82-8C6D-CB72E12E354E}.Release|Any CPU.ActiveCfg = Release|Any CPU
		{21E6066F-13D9-4C82-8C6D-CB72E12E354E}.Release|Any CPU.Build.0 = Release|Any CPU
		{6D3A0C7C-AB4B-4163-9737-BD366E5D489D}.Debug|Any CPU.ActiveCfg = Debug|Any CPU
		{6D3A0C7C-AB4B-4163-9737-BD366E5D489D}.Debug|Any CPU.Build.0 = Debug|Any CPU
		{6D3A0C7C-AB4B-4163-9737-BD366E5D489D}.Release|Any CPU.ActiveCfg = Release|Any CPU
		{6D3A0C7C-AB4B-4163-9737-BD366E5D489D}.Release|Any CPU.Build.0 = Release|Any CPU
	EndGlobalSection
	GlobalSection(SolutionProperties) = preSolution
		HideSolutionNode = FALSE
	EndGlobalSection
	GlobalSection(NestedProjects) = preSolution
		{3B983731-FDB7-4B2F-9415-A924FEA0B119} = {48305F2E-C928-4430-8C28-9EE6AC0D5498}
		{21E6066F-13D9-4C82-8C6D-CB72E12E354E} = {48305F2E-C928-4430-8C28-9EE6AC0D5498}
		{6D3A0C7C-AB4B-4163-9737-BD366E5D489D} = {2042768E-256F-4592-AF66-211CD843380B}
	EndGlobalSection
EndGlobal
